{
    "_meta": {
        "hash": {
            "sha256": "8f806db0e1154cfc42c1c17a28134360c02e65b756fe52e8862099dbc4723252"
        },
        "pipfile-spec": 6,
        "requires": {
            "python_version": "3.7"
        },
        "sources": [
            {
                "name": "pypi",
                "url": "https://pypi.org/simple",
                "verify_ssl": true
            }
        ]
    },
    "default": {
        "amqp": {
            "hashes": [
                "sha256:073dd02fdd73041bffc913b767866015147b61f2a9bc104daef172fc1a0066eb",
                "sha256:eed41946890cd43e8dee44a316b85cf6fee5a1a34bb4a562b660a358eb529e1b"
            ],
            "index": "pypi",
            "version": "==2.3.2"
        },
        "babel": {
            "hashes": [
                "sha256:6778d85147d5d85345c14a26aada5e478ab04e39b078b0745ee6870c2b5cf669",
                "sha256:8cba50f48c529ca3fa18cf81fa9403be176d374ac4d60738b839122dfaaa3d23"
            ],
            "index": "pypi",
            "version": "==2.6.0"
        },
        "billiard": {
            "hashes": [
                "sha256:ed65448da5877b5558f19d2f7f11f8355ea76b3e63e1c0a6059f47cfae5f1c84"
            ],
            "index": "pypi",
            "version": "==3.5.0.4"
        },
        "celery": {
            "hashes": [
                "sha256:77dab4677e24dc654d42dfbdfed65fa760455b6bb563a0877ecc35f4cfcfc678",
                "sha256:ad7a7411772b80a4d6c64f2f7f723200e39fb66cf614a7fdfab76d345acc7b13"
            ],
            "index": "pypi",
            "version": "==4.2.1"
        },
        "django": {
            "hashes": [
                "sha256:d4ef83bd326573c00972cb9429beb396d210341a636e4b816fc9b3f505c498bb",
                "sha256:ffdc7e938391ae3c2ee8ff82e0b4444e4e6bb15c99d00770285233d42aaf33d6"
            ],
            "index": "pypi",
            "version": "==1.10.8"
        },
        "django-crispy-forms": {
            "hashes": [
                "sha256:5952bab971110d0b86c278132dae0aa095beee8f723e625c3d3fa28888f1675f",
                "sha256:705ededc554ad8736157c666681165fe22ead2dec0d5446d65fc9dd976a5a876"
            ],
            "index": "pypi",
            "version": "==1.7.2"
        },
        "django-js-asset": {
            "hashes": [
                "sha256:30149158206f693a5d027fe590096fc84495486bd11cd77d395b4f2ec27fc1d0",
                "sha256:a395d8d19eb201ea8d2bd4f145b38f1717cd74c0f609f040141d8724c5a27f36"
            ],
            "index": "pypi",
            "version": "==1.1.0"
        },
        "django-mptt": {
            "hashes": [
                "sha256:6aaa0268c0d994d77dda501b64257b5d6f1e170fcdfe2f0674f80861dc30c0f4",
                "sha256:feef466f9ba6849d2f1581c94d8550d5554945a8d05a2660da19193140cd8a35"
            ],
            "index": "pypi",
            "version": "==0.9.0"
        },
        "django-niji": {
            "hashes": [
                "sha256:9158b8771444d1fa77a79e277423ff8283bc7e08766fdaa984512886a62daf8e"
            ],
            "index": "pypi",
            "version": "==0.1.0"
        },
        "django-treebeard": {
            "hashes": [
                "sha256:c21db06a8d4943bf2a28d9d7a119058698fb76116df2679ecbf15a46a501de42"
            ],
            "index": "pypi",
            "version": "==4.3"
        },
        "django-widget-tweaks": {
            "hashes": [
                "sha256:a31c8a2b88af98dba6471db4722a416d1c643c87efecf9a7f17f983a2a553632",
                "sha256:f9961162c8ed272162e22e5877d29c7780476970441dce605118ef66da685e71"
            ],
            "index": "pypi",
            "version": "==1.4.2"
        },
        "djangorestframework": {
            "hashes": [
                "sha256:b6714c3e4b0f8d524f193c91ecf5f5450092c2145439ac2769711f7eba89a9d9",
                "sha256:c375e4f95a3a64fccac412e36fb42ba36881e52313ec021ef410b40f67cddca4"
            ],
            "index": "pypi",
            "version": "==3.8.2"
        },
        "factory-boy": {
            "hashes": [
                "sha256:6f25cc4761ac109efd503f096e2ad99421b1159f01a29dbb917359dcd68e08ca",
                "sha256:d552cb872b310ae78bd7429bf318e42e1e903b1a109e899a523293dfa762ea4f"
            ],
            "index": "pypi",
            "version": "==2.11.1"
        },
        "faker": {
            "hashes": [
                "sha256:0e9a1227a3a0f3297a485715e72ee6eb77081b17b629367042b586e38c03c867",
                "sha256:b4840807a94a3bad0217d6ed3f9b65a1cc6e1db1c99e1184673056ae2c0a4c4d"
            ],
            "index": "pypi",
            "version": "==0.8.17"
        },
        "kombu": {
            "hashes": [
                "sha256:86adec6c60f63124e2082ea8481bbe4ebe04fde8ebed32c177c7f0cd2c1c9082",
                "sha256:b274db3a4eacc4789aeb24e1de3e460586db7c4fc8610f7adcc7a3a1709a60af"
            ],
            "index": "pypi",
            "version": "==4.2.1"
        },
        "markdown2": {
            "hashes": [
                "sha256:8bb9a24eb2aa02f1427aabe46483f0f0215ab18c8a345315ae8e2ee3c3a09c03"
            ],
            "index": "pypi",
            "version": "==2.3.5"
        },
        "mistune": {
            "hashes": [
                "sha256:b4c512ce2fc99e5a62eb95a4aba4b73e5f90264115c40b70a21e1f7d4e0eac91",
                "sha256:bc10c33bfdcaa4e749b779f62f60d6e12f8215c46a292d05e486b869ae306619"
            ],
            "index": "pypi",
            "version": "==0.8.3"
        },
        "pbr": {
            "hashes": [
                "sha256:4f2b11d95917af76e936811be8361b2b19616e5ef3b55956a429ec7864378e0c",
                "sha256:e0f23b61ec42473723b2fec2f33fb12558ff221ee551962f01dd4de9053c2055"
            ],
            "index": "pypi",
            "version": "==4.1.0"
        },
        "phonenumbers": {
            "hashes": [
                "sha256:45ddff72b0a447a9fff9cf3c88f04ee5beafeaf730a1639e401cdadf92901d8d",
                "sha256:cbb8194814cc026f476132c38c507adbd459bc8ee99be39f421650ab1b986ed7"
            ],
            "index": "pypi",
            "version": "==8.9.10"
        },
        "phonenumberslite": {
            "hashes": [
                "sha256:1ccb25d6656bbcc0df52bac2ffc2558c54532657797ae4ce37396757ab4f1fff",
                "sha256:3a9a3e68be823d22b3ed284ae984222d7f8bf6682ad37b35c658c2cf36ca12eb"
            ],
            "index": "pypi",
            "version": "==8.9.10"
        },
        "pillow": {
            "hashes": [
                "sha256:00def5b638994f888d1058e4d17c86dec8e1113c3741a0a8a659039aec59a83a",
                "sha256:026449b64e559226cdb8e6d8c931b5965d8fc90ec18ebbb0baa04c5b36503c72",
                "sha256:03dbb224ee196ef30ed2156d41b579143e1efeb422974719a5392fc035e4f574",
                "sha256:03eb0e04f929c102ae24bc436bf1c0c60a4e63b07ebd388e84d8b219df3e6acd",
                "sha256:1be66b9a89e367e7d20d6cae419794997921fe105090fafd86ef39e20a3baab2",
                "sha256:1e977a3ed998a599bda5021fb2c2889060617627d3ae228297a529a082a3cd5c",
                "sha256:22cf3406d135cfcc13ec6228ade774c8461e125c940e80455f500638429be273",
                "sha256:24adccf1e834f82718c7fc8e3ec1093738da95144b8b1e44c99d5fc7d3e9c554",
                "sha256:2a3e362c97a5e6a259ee9cd66553292a1f8928a5bdfa3622fdb1501570834612",
                "sha256:3832e26ecbc9d8a500821e3a1d3765bda99d04ae29ffbb2efba49f5f788dc934",
                "sha256:4fd1f0c2dc02aaec729d91c92cd85a2df0289d88e9f68d1e8faba750bb9c4786",
                "sha256:4fda62030f2c515b6e2e673c57caa55cb04026a81968f3128aae10fc28e5cc27",
                "sha256:5044d75a68b49ce36a813c82d8201384207112d5d81643937fc758c05302f05b",
                "sha256:522184556921512ec484cb93bd84e0bab915d0ac5a372d49571c241a7f73db62",
                "sha256:5914cff11f3e920626da48e564be6818831713a3087586302444b9c70e8552d9",
                "sha256:6661a7908d68c4a133e03dac8178287aa20a99f841ea90beeb98a233ae3fd710",
                "sha256:79258a8df3e309a54c7ef2ef4a59bb8e28f7e4a8992a3ad17c24b1889ced44f3",
                "sha256:7d74c20b8f1c3e99d3f781d3b8ff5abfefdd7363d61e23bdeba9992ff32cc4b4",
                "sha256:81918afeafc16ba5d9d0d4e9445905f21aac969a4ebb6f2bff4b9886da100f4b",
                "sha256:8194d913ca1f459377c8a4ed8f9b7ad750068b8e0e3f3f9c6963fcc87a84515f",
                "sha256:84d5d31200b11b3c76fab853b89ac898bf2d05c8b3da07c1fcc23feb06359d6e",
                "sha256:989981db57abffb52026b114c9a1f114c7142860a6d30a352d28f8cbf186500b",
                "sha256:a3d7511d3fad1618a82299aab71a5fceee5c015653a77ffea75ced9ef917e71a",
                "sha256:b3ef168d4d6fd4fa6685aef7c91400f59f7ab1c0da734541f7031699741fb23f",
                "sha256:c1c5792b6e74bbf2af0f8e892272c2a6c48efa895903211f11b8342e03129fea",
                "sha256:c5dcb5a56aebb8a8f2585042b2f5c496d7624f0bcfe248f0cc33ceb2fd8d39e7",
                "sha256:e2bed4a04e2ca1050bb5f00865cf2f83c0b92fd62454d9244f690fcd842e27a4",
                "sha256:e87a527c06319428007e8c30511e1f0ce035cb7f14bb4793b003ed532c3b9333",
                "sha256:f63e420180cbe22ff6e32558b612e75f50616fc111c5e095a4631946c782e109",
                "sha256:f8b3d413c5a8f84b12cd4c5df1d8e211777c9852c6be3ee9c094b626644d3eab"
            ],
            "index": "pypi",
            "version": "==5.2.0"
        },
        "purl": {
            "hashes": [
                "sha256:906e9f9789fdbf669fcf3a65b1e3ed16b28e6aaf2ab4a3f0c78dab341599d8b4",
                "sha256:d9b1ab3e2bee15900138562504422165728f86d0815dfbcbc3f180448990de8a"
            ],
            "index": "pypi",
            "version": "==1.4"
        },
        "python-dateutil": {
            "hashes": [
                "sha256:1adb80e7a782c12e52ef9a8182bebeb73f1d7e24e374397af06fb4956c8dc5c0",
                "sha256:e27001de32f627c22380a688bcc43ce83504a7bc5da472209b4c70f02829f0b8"
            ],
            "index": "pypi",
            "version": "==2.7.3"
        },
        "pytz": {
            "hashes": [
                "sha256:a061aa0a9e06881eb8b3b2b43f05b9439d6583c206d0a6c340ff72a7b6669053",
                "sha256:ffb9ef1de172603304d9d2819af6f5ece76f2e85ec10692a524dd876e72bf277"
            ],
            "index": "pypi",
            "version": "==2018.5"
        },
        "redis": {
            "hashes": [
                "sha256:8a1900a9f2a0a44ecf6e8b5eb3e967a9909dfed219ad66df094f27f7d6f330fb",
                "sha256:a22ca993cea2962dbb588f9f30d0015ac4afcc45bee27d3978c0dbe9e97c6c0f"
            ],
            "index": "pypi",
            "version": "==2.10.6"
        },
        "six": {
            "hashes": [
                "sha256:70e8a77beed4562e7f14fe23a786b54f6296e34344c23bc42f07b15018ff98e9",
                "sha256:832dc0e10feb1aa2c68dcc57dbb658f1c7e65b9b61af69048abc87a2db00a0eb"
            ],
            "index": "pypi",
            "version": "==1.11.0"
        },
        "solr": {
            "hashes": [
                "sha256:e5005bc3b18717f209809bedc2b66bd95717b0bb535dabba8ec15614b325ff03"
            ],
            "index": "pypi",
            "version": "==0.4"
        },
        "sorl-thumbnail": {
            "hashes": [
                "sha256:1cc6d913fe4f1224e479f25a23ec2ad3ca71c3154919a2c9463b07e7fbe11ac2",
                "sha256:c5ef989da07d31925754922ce95783fd2b1f8735124c0510884633eb32a4cd3e"
            ],
            "index": "pypi",
            "version": "==12.4.1"
        },
        "stevedore": {
            "hashes": [
                "sha256:e3d96b2c4e882ec0c1ff95eaebf7b575a779fd0ccb4c741b9832bed410d58b3d",
                "sha256:f1c7518e7b160336040fee272174f1f7b29a46febb3632502a8f2055f973d60b"
            ],
            "index": "pypi",
            "version": "==1.28.0"
        },
        "text-unidecode": {
            "hashes": [
                "sha256:5a1375bb2ba7968740508ae38d92e1f889a0832913cb1c447d5e2046061a396d",
                "sha256:801e38bd550b943563660a91de8d4b6fa5df60a542be9093f7abf819f86050cc"
            ],
            "index": "pypi",
            "version": "==1.2"
        },
        "vine": {
            "hashes": [
                "sha256:52116d59bc45392af9fdd3b75ed98ae48a93e822cee21e5fda249105c59a7a72",
                "sha256:6849544be74ec3638e84d90bc1cf2e1e9224cc10d96cd4383ec3f69e9bce077b"
            ],
            "index": "pypi",
            "version": "==1.1.4"
        },
        "virtualenv": {
            "hashes": [
                "sha256:2ce32cd126117ce2c539f0134eb89de91a8413a29baac49cbab3eb50e2026669",
                "sha256:ca07b4c0b54e14a91af9f34d0919790b016923d157afda5efdde55c96718f752"
            ],
            "index": "pypi",
            "version": "==16.0.0"
        },
        "virtualenv-clone": {
            "hashes": [
                "sha256:4507071d81013fd03ea9930ec26bc8648b997927a11fa80e8ee81198b57e0ac7",
                "sha256:b5cfe535d14dc68dfc1d1bb4ac1209ea28235b91156e2bba8e250d291c3fb4f8"
            ],
            "index": "pypi",
            "version": "==0.3.0"
        },
        "virtualenvwrapper": {
            "hashes": [
                "sha256:137f7d4509283d798d64509a1a80c57d2d58d900d7a0f827ab67d3104abe232c",
                "sha256:18d8e4c500c4c4ee794f704e050cf2bbb492537532a4521d1047e7dd1ee4e374"
            ],
            "index": "pypi",
            "version": "==4.8.2"
        },
        "virtualenvwrapper-win": {
            "hashes": [
                "sha256:c54bec2874da571bacceabc1ebf5d474fe1c37786cb1ef23cdac9f3de9bfd6d8",
                "sha256:fab83daa2dbbc00ff2244d55d1def27733b44235d421a6bf4ae7e5215640987d"
            ],
            "index": "pypi",
            "version": "==1.2.5"
        },
        "whoosh": {
            "hashes": [
                "sha256:7ca5633dbfa9e0e0fa400d3151a8a0c4bec53bd2ecedc0a67705b17565c31a83",
                "sha256:aa39c3c3426e3fd107dcb4bde64ca1e276a65a889d9085a6e4b54ba82420a852",
                "sha256:e0857375f63e9041e03fedd5b7541f97cf78917ac1b6b06c1fcc9b45375dda69"
            ],
            "index": "pypi",
            "version": "==2.7.4"
        },
        "xxhash": {
            "hashes": [
                "sha256:8048b482bb6aa73016e672d1ef488a89810c2b8e6831366e92c2c67a3b2b151c",
                "sha256:829848ba7575802d99ab5d7e39277eeea85f85b199bc5487661faa350d983611",
                "sha256:adfca416c4af7c6e4ee631819c0e60281f3df9135203c3a1b2ef667bc31cee69"
            ],
            "index": "pypi",
            "version": "==0.6.1"
        }
    },
    "develop": {}
}
